
Microsoft Visual Studio Solution File, Format Version 12.00
# Visual Studio 15
VisualStudioVersion = 15.0.27703.2000
MinimumVisualStudioVersion = 10.0.40219.1
Project("{FAE04EC0-301F-11D3-BF4B-00C04F79EFBC}") = "DataTools.SqlBulkData", "DataTools.SqlBulkData\DataTools.SqlBulkData.csproj", "{489B1A73-09CC-4026-9AB4-58C7FE582314}"
EndProject
Project("{FAE04EC0-301F-11D3-BF4B-00C04F79EFBC}") = "DataTools.SqlBulkData.UnitTests", "DataTools.SqlBulkData.UnitTests\DataTools.SqlBulkData.UnitTests.csproj", "{BC336785-A6E5-4686-AA44-865F9AFE8840}"
EndProject
Global
	GlobalSection(SolutionConfigurationPlatforms) = preSolution
		Debug|Any CPU = Debug|Any CPU
		Release|Any CPU = Release|Any CPU
	EndGlobalSection
	GlobalSection(ProjectConfigurationPlatforms) = postSolution
		{489B1A73-09CC-4026-9AB4-58C7FE582314}.Debug|Any CPU.ActiveCfg = Debug|Any CPU
		{489B1A73-09CC-4026-9AB4-58C7FE582314}.Debug|Any CPU.Build.0 = Debug|Any CPU
		{489B1A73-09CC-4026-9AB4-58C7FE582314}.Release|Any CPU.ActiveCfg = Release|Any CPU
		{489B1A73-09CC-4026-9AB4-58C7FE582314}.Release|Any CPU.Build.0 = Release|Any CPU
		{BC336785-A6E5-4686-AA44-865F9AFE8840}.Debug|Any CPU.ActiveCfg = Debug|Any CPU
		{BC336785-A6E5-4686-AA44-865F9AFE8840}.Debug|Any CPU.Build.0 = Debug|Any CPU
		{BC336785-A6E5-4686-AA44-865F9AFE8840}.Release|Any CPU.ActiveCfg = Release|Any CPU
		{BC336785-A6E5-4686-AA44-865F9AFE8840}.Release|Any CPU.Build.0 = Release|Any CPU
	EndGlobalSection
	GlobalSection(SolutionProperties) = preSolution
		HideSolutionNode = FALSE
	EndGlobalSection
	GlobalSection(ExtensibilityGlobals) = postSolution
		SolutionGuid = {57BAFE26-1D29-45DF-8263-35D478767D10}
	EndGlobalSection
EndGlobal
